// !$*UTF8*$!
{
	archiveVersion = 1;
	classes = {
	};
	objectVersion = 77;
	objects = {

/* Begin PBXBuildFile section */
		7490F3C22F000FFC00FC8AF5 /* .gitignore in Resources */ = {isa = PBXBuildFile; fileRef = 7490F3C12F000FFC00FC8AF5 /* .gitignore */; };
/* End PBXBuildFile section */

/* Begin PBXContainerItemProxy section */
		7490F3382EFFBBB900FC8AF5 /* PBXContainerItemProxy */ = {
			isa = PBXContainerItemProxy;
			containerPortal = 7490F3212EFFBBB900FC8AF5 /* Project object */;
			proxyType = 1;
			remoteGlobalIDString = 7490F3282EFFBBB900FC8AF5;
			remoteInfo = "ACL Reader New";
		};
		7490F3422EFFBBBA00FC8AF5 /* PBXContainerItemProxy */ = {
			isa = PBXContainerItemProxy;
			containerPortal = 7490F3212EFFBBB900FC8AF5 /* Project object */;
			proxyType = 1;
			remoteGlobalIDString = 7490F3282EFFBBB900FC8AF5;
			remoteInfo = "ACL Reader New";
		};
/* End PBXContainerItemProxy section */

/* Begin PBXFileReference section */
		7490F3292EFFBBB900FC8AF5 /* ACL Reader New.app */ = {isa = PBXFileReference; explicitFileType = wrapper.application; includeInIndex = 0; path = "ACL Reader New.app"; sourceTree = BUILT_PRODUCTS_DIR; };
		7490F3372EFFBBB900FC8AF5 /* ACL Reader NewTests.xctest */ = {isa = PBXFileReference; explicitFileType = wrapper.cfbundle; includeInIndex = 0; path = "ACL Reader NewTests.xctest"; sourceTree = BUILT_PRODUCTS_DIR; };
		7490F3412EFFBBBA00FC8AF5 /* ACL Reader NewUITests.xctest */ = {isa = PBXFileReference; explicitFileType = wrapper.cfbundle; includeInIndex = 0; path = "ACL Reader NewUITests.xctest"; sourceTree = BUILT_PRODUCTS_DIR; };
		7490F3C12F000FFC00FC8AF5 /* .gitignore */ = {isa = PBXFileReference; lastKnownFileType = text; path = .gitignore; sourceTree = "<group>"; };
/* End PBXFileReference section */

/* Begin PBXFileSystemSynchronizedRootGroup section */
		7490F32B2EFFBBB900FC8AF5 /* ACL Reader New */ = {
			isa = PBXFileSystemSynchronizedRootGroup;
			path = "ACL Reader New";
			sourceTree = "<group>";
		};
		7490F33A2EFFBBB900FC8AF5 /* ACL Reader NewTests */ = {
			isa = PBXFileSystemSynchronizedRootGroup;
			path = "ACL Reader NewTests";
			sourceTree = "<group>";
		};
		7490F3442EFFBBBA00FC8AF5 /* ACL Reader NewUITests */ = {
			isa = PBXFileSystemSynchronizedRootGroup;
			path = "ACL Reader NewUITests";
			sourceTree = "<group>";
		};
/* End PBXFileSystemSynchronizedRootGroup section */

/* Begin PBXFrameworksBuildPhase section */
		7490F3262EFFBBB900FC8AF5 /* Frameworks */ = {
			isa = PBXFrameworksBuildPhase;
			buildActionMask = 2147483647;
			files = (
			);
			runOnlyForDeploymentPostprocessing = 0;
		};
		7490F3342EFFBBB900FC8AF5 /* Frameworks */ = {
			isa = PBXFrameworksBuildPhase;
			buildActionMask = 2147483647;
			files = (
			);
			runOnlyForDeploymentPostprocessing = 0;
		};
		7490F33E2EFFBBBA00FC8AF5 /* Frameworks */ = {
			isa = PBXFrameworksBuildPhase;
			buildActionMask = 2147483647;
			files = (
			);
			runOnlyForDeploymentPostprocessing = 0;
		};
/* End PBXFrameworksBuildPhase section */

/* Begin PBXGroup section */
		7490F3202EFFBBB900FC8AF5 = {
			isa = PBXGroup;
			children = (
				7490F3C12F000FFC00FC8AF5 /* .gitignore */,
				7490F32B2EFFBBB900FC8AF5 /* ACL Reader New */,
				7490F33A2EFFBBB900FC8AF5 /* ACL Reader NewTests */,
				7490F3442EFFBBBA00FC8AF5 /* ACL Reader NewUITests */,
				7490F32A2EFFBBB900FC8AF5 /* Products */,
			);
			sourceTree = "<group>";
		};
		7490F32A2EFFBBB900FC8AF5 /* Products */ = {
			isa = PBXGroup;
			children = (
				7490F3292EFFBBB900FC8AF5 /* ACL Reader New.app */,
				7490F3372EFFBBB900FC8AF5 /* ACL Reader NewTests.xctest */,
				7490F3412EFFBBBA00FC8AF5 /* ACL Reader NewUITests.xctest */,
			);
			name = Products;
			sourceTree = "<group>";
		};
/* End PBXGroup section */

/* Begin PBXNativeTarget section */
		7490F3282EFFBBB900FC8AF5 /* ACL Reader New */ = {
			isa = PBXNativeTarget;
			buildConfigurationList = 7490F34B2EFFBBBA00FC8AF5 /* Build configuration list for PBXNativeTarget "ACL Reader New" */;
			buildPhases = (
				7490F3252EFFBBB900FC8AF5 /* Sources */,
				7490F3262EFFBBB900FC8AF5 /* Frameworks */,
				7490F3272EFFBBB900FC8AF5 /* Resources */,
			);
			buildRules = (
			);
			dependencies = (
			);
			fileSystemSynchronizedGroups = (
				7490F32B2EFFBBB900FC8AF5 /* ACL Reader New */,
			);
			name = "ACL Reader New";
			packageProductDependencies = (
			);
			productName = "ACL Reader New";
			productReference = 7490F3292EFFBBB900FC8AF5 /* ACL Reader New.app */;
			productType = "com.apple.product-type.application";
		};
		7490F3362EFFBBB900FC8AF5 /* ACL Reader NewTests */ = {
			isa = PBXNativeTarget;
			buildConfigurationList = 7490F34E2EFFBBBA00FC8AF5 /* Build configuration list for PBXNativeTarget "ACL Reader NewTests" */;
			buildPhases = (
				7490F3332EFFBBB900FC8AF5 /* Sources */,
				7490F3342EFFBBB900FC8AF5 /* Frameworks */,
				7490F3352EFFBBB900FC8AF5 /* Resources */,
			);
			buildRules = (
			);
			dependencies = (
				7490F3392EFFBBB900FC8AF5 /* PBXTargetDependency */,
			);
			fileSystemSynchronizedGroups = (
				7490F33A2EFFBBB900FC8AF5 /* ACL Reader NewTests */,
			);
			name = "ACL Reader NewTests";
			packageProductDependencies = (
			);
			productName = "ACL Reader NewTests";
			productReference = 7490F3372EFFBBB900FC8AF5 /* ACL Reader NewTests.xctest */;
			productType = "com.apple.product-type.bundle.unit-test";
		};
		7490F3402EFFBBBA00FC8AF5 /* ACL Reader NewUITests */ = {
			isa = PBXNativeTarget;
			buildConfigurationList = 7490F3512EFFBBBA00FC8AF5 /* Build configuration list for PBXNativeTarget "ACL Reader NewUITests" */;
			buildPhases = (
				7490F33D2EFFBBBA00FC8AF5 /* Sources */,
				7490F33E2EFFBBBA00FC8AF5 /* Frameworks */,
				7490F33F2EFFBBBA00FC8AF5 /* Resources */,
			);
			buildRules = (
			);
			dependencies = (
				7490F3432EFFBBBA00FC8AF5 /* PBXTargetDependency */,
			);
			fileSystemSynchronizedGroups = (
				7490F3442EFFBBBA00FC8AF5 /* ACL Reader NewUITests */,
			);
			name = "ACL Reader NewUITests";
			packageProductDependencies = (
			);
			productName = "ACL Reader NewUITests";
			productReference = 7490F3412EFFBBBA00FC8AF5 /* ACL Reader NewUITests.xctest */;
			productType = "com.apple.product-type.bundle.ui-testing";
		};
/* End PBXNativeTarget section */

/* Begin PBXProject section */
		7490F3212EFFBBB900FC8AF5 /* Project object */ = {
			isa = PBXProject;
			attributes = {
				BuildIndependentTargetsInParallel = 1;
				LastSwiftUpdateCheck = 1640;
				LastUpgradeCheck = 1640;
				TargetAttributes = {
					7490F3282EFFBBB900FC8AF5 = {
						CreatedOnToolsVersion = 16.4;
					};
					7490F3362EFFBBB900FC8AF5 = {
						CreatedOnToolsVersion = 16.4;
						TestTargetID = 7490F3282EFFBBB900FC8AF5;
					};
					7490F3402EFFBBBA00FC8AF5 = {
						CreatedOnToolsVersion = 16.4;
						TestTargetID = 7490F3282EFFBBB900FC8AF5;
					};
				};
			};
			buildConfigurationList = 7490F3242EFFBBB900FC8AF5 /* Build configuration list for PBXProject "ACL Reader New" */;
			developmentRegion = en;
			hasScannedForEncodings = 0;
			knownRegions = (
				en,
				Base,
			);
			mainGroup = 7490F3202EFFBBB900FC8AF5;
			minimizedProjectReferenceProxies = 1;
			preferredProjectObjectVersion = 77;
			productRefGroup = 7490F32A2EFFBBB900FC8AF5 /* Products */;
			projectDirPath = "";
			projectRoot = "";
			targets = (
				7490F3282EFFBBB900FC8AF5 /* ACL Reader New */,
				7490F3362EFFBBB900FC8AF5 /* ACL Reader NewTests */,
				7490F3402EFFBBBA00FC8AF5 /* ACL Reader NewUITests */,
			);
		};
/* End PBXProject section */

/* Begin PBXResourcesBuildPhase section */
		7490F3272EFFBBB900FC8AF5 /* Resources */ = {
			isa = PBXResourcesBuildPhase;
			buildActionMask = 2147483647;
			files = (
				7490F3C22F000FFC00FC8AF5 /* .gitignore in Resources */,
			);
			runOnlyForDeploymentPostprocessing = 0;
		};
		7490F3352EFFBBB900FC8AF5 /* Resources */ = {
			isa = PBXResourcesBuildPhase;
			buildActionMask = 2147483647;
			files = (
			);
			runOnlyForDeploymentPostprocessing = 0;
		};
		7490F33F2EFFBBBA00FC8AF5 /* Resources */ = {
			isa = PBXResourcesBuildPhase;
			buildActionMask = 2147483647;
			files = (
			);
			runOnlyForDeploymentPostprocessing = 0;
		};
/* End PBXResourcesBuildPhase section */

/* Begin PBXSourcesBuildPhase section */
		7490F3252EFFBBB900FC8AF5 /* Sources */ = {
			isa = PBXSourcesBuildPhase;
			buildActionMask = 2147483647;
			files = (
			);
			runOnlyForDeploymentPostprocessing = 0;
		};
		7490F3332EFFBBB900FC8AF5 /* Sources */ = {
			isa = PBXSourcesBuildPhase;
			buildActionMask = 2147483647;
			files = (
			);
			runOnlyForDeploymentPostprocessing = 0;
		};
		7490F33D2EFFBBBA00FC8AF5 /* Sources */ = {
			isa = PBXSourcesBuildPhase;
			buildActionMask = 2147483647;
			files = (
			);
			runOnlyForDeploymentPostprocessing = 0;
		};
/* End PBXSourcesBuildPhase section */

/* Begin PBXTargetDependency section */
		7490F3392EFFBBB900FC8AF5 /* PBXTargetDependency */ = {
			isa = PBXTargetDependency;
			target = 7490F3282EFFBBB900FC8AF5 /* ACL Reader New */;
			targetProxy = 7490F3382EFFBBB900FC8AF5 /* PBXContainerItemProxy */;
		};
		7490F3432EFFBBBA00FC8AF5 /* PBXTargetDependency */ = {
			isa = PBXTargetDependency;
			target = 7490F3282EFFBBB900FC8AF5 /* ACL Reader New */;
			targetProxy = 7490F3422EFFBBBA00FC8AF5 /* PBXContainerItemProxy */;
		};
/* End PBXTargetDependency section */

/* Begin XCBuildConfiguration section */
		7490F3492EFFBBBA00FC8AF5 /* Debug */ = {
			isa = XCBuildConfiguration;
			buildSettings = {
				ALWAYS_SEARCH_USER_PATHS = NO;
				ASSETCATALOG_COMPILER_GENERATE_SWIFT_ASSET_SYMBOL_EXTENSIONS = YES;
				CLANG_ANALYZER_NONNULL = YES;
				CLANG_ANALYZER_NUMBER_OBJECT_CONVERSION = YES_AGGRESSIVE;
				CLANG_CXX_LANGUAGE_STANDARD = "gnu++20";
				CLANG_ENABLE_MODULES = YES;
				CLANG_ENABLE_OBJC_ARC = YES;
				CLANG_ENABLE_OBJC_WEAK = YES;
				CLANG_WARN_BLOCK_CAPTURE_AUTORELEASING = YES;
				CLANG_WARN_BOOL_CONVERSION = YES;
				CLANG_WARN_COMMA = YES;
				CLANG_WARN_CONSTANT_CONVERSION = YES;
				CLANG_WARN_DEPRECATED_OBJC_IMPLEMENTATIONS = YES;
				CLANG_WARN_DIRECT_OBJC_ISA_USAGE = YES_ERROR;
				CLANG_WARN_DOCUMENTATION_COMMENTS = YES;
				CLANG_WARN_EMPTY_BODY = YES;
				CLANG_WARN_ENUM_CONVERSION = YES;
				CLANG_WARN_INFINITE_RECURSION = YES;
				CLANG_WARN_INT_CONVERSION = YES;
				CLANG_WARN_NON_LITERAL_NULL_CONVERSION = YES;
				CLANG_WARN_OBJC_IMPLICIT_RETAIN_SELF = YES;
				CLANG_WARN_OBJC_LITERAL_CONVERSION = YES;
				CLANG_WARN_OBJC_ROOT_CLASS = YES_ERROR;
				CLANG_WARN_QUOTED_INCLUDE_IN_FRAMEWORK_HEADER = YES;
				CLANG_WARN_RANGE_LOOP_ANALYSIS = YES;
				CLANG_WARN_STRICT_PROTOTYPES = YES;
				CLANG_WARN_SUSPICIOUS_MOVE = YES;
				CLANG_WARN_UNGUARDED_AVAILABILITY = YES_AGGRESSIVE;
				CLANG_WARN_UNREACHABLE_CODE = YES;
				CLANG_WARN__DUPLICATE_METHOD_MATCH = YES;
				COPY_PHASE_STRIP = NO;
				DEBUG_INFORMATION_FORMAT = dwarf;
				DEVELOPMENT_TEAM = 6VFD4GNQPQ;
				ENABLE_STRICT_OBJC_MSGSEND = YES;
				ENABLE_TESTABILITY = YES;
				ENABLE_USER_SCRIPT_SANDBOXING = YES;
				GCC_C_LANGUAGE_STANDARD = gnu17;
				GCC_DYNAMIC_NO_PIC = NO;
				GCC_NO_COMMON_BLOCKS = YES;
				GCC_OPTIMIZATION_LEVEL = 0;
				GCC_PREPROCESSOR_DEFINITIONS = (
					"DEBUG=1",
					"$(inherited)",
				);
				GCC_WARN_64_TO_32_BIT_CONVERSION = YES;
				GCC_WARN_ABOUT_RETURN_TYPE = YES_ERROR;
				GCC_WARN_UNDECLARED_SELECTOR = YES;
				GCC_WARN_UNINITIALIZED_AUTOS = YES_AGGRESSIVE;
				GCC_WARN_UNUSED_FUNCTION = YES;
				GCC_WARN_UNUSED_VARIABLE = YES;
				LOCALIZATION_PREFERS_STRING_CATALOGS = YES;
				MACOSX_DEPLOYMENT_TARGET = 15.5;
				MTL_ENABLE_DEBUG_INFO = INCLUDE_SOURCE;
				MTL_FAST_MATH = YES;
				ONLY_ACTIVE_ARCH = YES;
				SDKROOT = macosx;
				SWIFT_ACTIVE_COMPILATION_CONDITIONS = "DEBUG $(inherited)";
				SWIFT_OPTIMIZATION_LEVEL = "-Onone";
			};
			name = Debug;
		};
		7490F34A2EFFBBBA00FC8AF5 /* Release */ = {
			isa = XCBuildConfiguration;
			buildSettings = {
				ALWAYS_SEARCH_USER_PATHS = NO;
				ASSETCATALOG_COMPILER_GENERATE_SWIFT_ASSET_SYMBOL_EXTENSIONS = YES;
				CLANG_ANALYZER_NONNULL = YES;
				CLANG_ANALYZER_NUMBER_OBJECT_CONVERSION = YES_AGGRESSIVE;
				CLANG_CXX_LANGUAGE_STANDARD = "gnu++20";
				CLANG_ENABLE_MODULES = YES;
				CLANG_ENABLE_OBJC_ARC = YES;
				CLANG_ENABLE_OBJC_WEAK = YES;
				CLANG_WARN_BLOCK_CAPTURE_AUTORELEASING = YES;
				CLANG_WARN_BOOL_CONVERSION = YES;
				CLANG_WARN_COMMA = YES;
				CLANG_WARN_CONSTANT_CONVERSION = YES;
				CLANG_WARN_DEPRECATED_OBJC_IMPLEMENTATIONS = YES;
				CLANG_WARN_DIRECT_OBJC_ISA_USAGE = YES_ERROR;
				CLANG_WARN_DOCUMENTATION_COMMENTS = YES;
				CLANG_WARN_EMPTY_BODY = YES;
				CLANG_WARN_ENUM_CONVERSION = YES;
				CLANG_WARN_INFINITE_RECURSION = YES;
				CLANG_WARN_INT_CONVERSION = YES;
				CLANG_WARN_NON_LITERAL_NULL_CONVERSION = YES;
				CLANG_WARN_OBJC_IMPLICIT_RETAIN_SELF = YES;
				CLANG_WARN_OBJC_LITERAL_CONVERSION = YES;
				CLANG_WARN_OBJC_ROOT_CLASS = YES_ERROR;
				CLANG_WARN_QUOTED_INCLUDE_IN_FRAMEWORK_HEADER = YES;
				CLANG_WARN_RANGE_LOOP_ANALYSIS = YES;
				CLANG_WARN_STRICT_PROTOTYPES = YES;
				CLANG_WARN_SUSPICIOUS_MOVE = YES;
				CLANG_WARN_UNGUARDED_AVAILABILITY = YES_AGGRESSIVE;
				CLANG_WARN_UNREACHABLE_CODE = YES;
				CLANG_WARN__DUPLICATE_METHOD_MATCH = YES;
				COPY_PHASE_STRIP = NO;
				DEBUG_INFORMATION_FORMAT = "dwarf-with-dsym";
				DEVELOPMENT_TEAM = 6VFD4GNQPQ;
				ENABLE_NS_ASSERTIONS = NO;
				ENABLE_STRICT_OBJC_MSGSEND = YES;
				ENABLE_USER_SCRIPT_SANDBOXING = YES;
				GCC_C_LANGUAGE_STANDARD = gnu17;
				GCC_NO_COMMON_BLOCKS = YES;
				GCC_WARN_64_TO_32_BIT_CONVERSION = YES;
				GCC_WARN_ABOUT_RETURN_TYPE = YES_ERROR;
				GCC_WARN_UNDECLARED_SELECTOR = YES;
				GCC_WARN_UNINITIALIZED_AUTOS = YES_AGGRESSIVE;
				GCC_WARN_UNUSED_FUNCTION = YES;
				GCC_WARN_UNUSED_VARIABLE = YES;
				LOCALIZATION_PREFERS_STRING_CATALOGS = YES;
				MACOSX_DEPLOYMENT_TARGET = 15.5;
				MTL_ENABLE_DEBUG_INFO = NO;
				MTL_FAST_MATH = YES;
				SDKROOT = macosx;
				SWIFT_COMPILATION_MODE = wholemodule;
			};
			name = Release;
		};
		7490F34C2EFFBBBA00FC8AF5 /* Debug */ = {
			isa = XCBuildConfiguration;
			buildSettings = {
				ASSETCATALOG_COMPILER_APPICON_NAME = AppIcon;
				ASSETCATALOG_COMPILER_GLOBAL_ACCENT_COLOR_NAME = AccentColor;
				CODE_SIGN_ENTITLEMENTS = "ACL Reader New/ACL_Reader_New.entitlements";
				CODE_SIGN_STYLE = Automatic;
				COMBINE_HIDPI_IMAGES = YES;
				CURRENT_PROJECT_VERSION = 1;
				DEVELOPMENT_TEAM = 6VFD4GNQPQ;
				ENABLE_HARDENED_RUNTIME = YES;
				ENABLE_PREVIEWS = YES;
				GENERATE_INFOPLIST_FILE = YES;
				INFOPLIST_KEY_NSHumanReadableCopyright = "";
				LD_RUNPATH_SEARCH_PATHS = (
					"$(inherited)",
					"@executable_path/../Frameworks",
				);
				MARKETING_VERSION = 1.0;
				PRODUCT_BUNDLE_IDENTIFIER = "com.yztao.ACL-Reader-New";
				PRODUCT_NAME = "$(TARGET_NAME)";
				REGISTER_APP_GROUPS = YES;
				SWIFT_EMIT_LOC_STRINGS = YES;
				SWIFT_OBJC_BRIDGING_HEADER = "$(SRCROOT)/ACL Reader New/Bridging-Header.h";
				SWIFT_VERSION = 5.0;
			};
			name = Debug;
		};
		7490F34D2EFFBBBA00FC8AF5 /* Release */ = {
			isa = XCBuildConfiguration;
			buildSettings = {
				ASSETCATALOG_COMPILER_APPICON_NAME = AppIcon;
				ASSETCATALOG_COMPILER_GLOBAL_ACCENT_COLOR_NAME = AccentColor;
				CODE_SIGN_ENTITLEMENTS = "ACL Reader New/ACL_Reader_New.entitlements";
				CODE_SIGN_STYLE = Automatic;
				COMBINE_HIDPI_IMAGES = YES;
				CURRENT_PROJECT_VERSION = 1;
				DEVELOPMENT_TEAM = 6VFD4GNQPQ;
				ENABLE_HARDENED_RUNTIME = YES;
				ENABLE_PREVIEWS = YES;
				GENERATE_INFOPLIST_FILE = YES;
				INFOPLIST_KEY_NSHumanReadableCopyright = "";
				LD_RUNPATH_SEARCH_PATHS = (
					"$(inherited)",
					"@executable_path/../Frameworks",
				);
				MARKETING_VERSION = 1.0;
				PRODUCT_BUNDLE_IDENTIFIER = "com.yztao.ACL-Reader-New";
				PRODUCT_NAME = "$(TARGET_NAME)";
				REGISTER_APP_GROUPS = YES;
				SWIFT_EMIT_LOC_STRINGS = YES;
				SWIFT_OBJC_BRIDGING_HEADER = "$(SRCROOT)/ACL Reader New/Bridging-Header.h";
				SWIFT_VERSION = 5.0;
			};
			name = Release;
		};
		7490F34F2EFFBBBA00FC8AF5 /* Debug */ = {
			isa = XCBuildConfiguration;
			buildSettings = {
				BUNDLE_LOADER = "$(TEST_HOST)";
				CODE_SIGN_STYLE = Automatic;
				CURRENT_PROJECT_VERSION = 1;
				DEVELOPMENT_TEAM = 6VFD4GNQPQ;
				GENERATE_INFOPLIST_FILE = YES;
				MACOSX_DEPLOYMENT_TARGET = 15.5;
				MARKETING_VERSION = 1.0;
				PRODUCT_BUNDLE_IDENTIFIER = "com.yztao.ACL-Reader-NewTests";
				PRODUCT_NAME = "$(TARGET_NAME)";
				SWIFT_EMIT_LOC_STRINGS = NO;
				SWIFT_VERSION = 5.0;
				TEST_HOST = "$(BUILT_PRODUCTS_DIR)/ACL Reader New.app/$(BUNDLE_EXECUTABLE_FOLDER_PATH)/ACL Reader New";
			};
			name = Debug;
		};
		7490F3502EFFBBBA00FC8AF5 /* Release */ = {
			isa = XCBuildConfiguration;
			buildSettings = {
				BUNDLE_LOADER = "$(TEST_HOST)";
				CODE_SIGN_STYLE = Automatic;
				CURRENT_PROJECT_VERSION = 1;
				DEVELOPMENT_TEAM = 6VFD4GNQPQ;
				GENERATE_INFOPLIST_FILE = YES;
				MACOSX_DEPLOYMENT_TARGET = 15.5;
				MARKETING_VERSION = 1.0;
				PRODUCT_BUNDLE_IDENTIFIER = "com.yztao.ACL-Reader-NewTests";
				PRODUCT_NAME = "$(TARGET_NAME)";
				SWIFT_EMIT_LOC_STRINGS = NO;
				SWIFT_VERSION = 5.0;
				TEST_HOST = "$(BUILT_PRODUCTS_DIR)/ACL Reader New.app/$(BUNDLE_EXECUTABLE_FOLDER_PATH)/ACL Reader New";
			};
			name = Release;
		};
		7490F3522EFFBBBA00FC8AF5 /* Debug */ = {
			isa = XCBuildConfiguration;
			buildSettings = {
				CODE_SIGN_STYLE = Automatic;
				CURRENT_PROJECT_VERSION = 1;
				DEVELOPMENT_TEAM = 6VFD4GNQPQ;
				GENERATE_INFOPLIST_FILE = YES;
				MARKETING_VERSION = 1.0;
				PRODUCT_BUNDLE_IDENTIFIER = "com.yztao.ACL-Reader-NewUITests";
				PRODUCT_NAME = "$(TARGET_NAME)";
				SWIFT_EMIT_LOC_STRINGS = NO;
				SWIFT_VERSION = 5.0;
				TEST_TARGET_NAME = "ACL Reader New";
			};
			name = Debug;
		};
		7490F3532EFFBBBA00FC8AF5 /* Release */ = {
			isa = XCBuildConfiguration;
			buildSettings = {
				CODE_SIGN_STYLE = Automatic;
				CURRENT_PROJECT_VERSION = 1;
				DEVELOPMENT_TEAM = 6VFD4GNQPQ;
				GENERATE_INFOPLIST_FILE = YES;
				MARKETING_VERSION = 1.0;
				PRODUCT_BUNDLE_IDENTIFIER = "com.yztao.ACL-Reader-NewUITests";
				PRODUCT_NAME = "$(TARGET_NAME)";
				SWIFT_EMIT_LOC_STRINGS = NO;
				SWIFT_VERSION = 5.0;
				TEST_TARGET_NAME = "ACL Reader New";
			};
			name = Release;
		};
/* End XCBuildConfiguration section */

/* Begin XCConfigurationList section */
		7490F3242EFFBBB900FC8AF5 /* Build configuration list for PBXProject "ACL Reader New" */ = {
			isa = XCConfigurationList;
			buildConfigurations = (
				7490F3492EFFBBBA00FC8AF5 /* Debug */,
				7490F34A2EFFBBBA00FC8AF5 /* Release */,
			);
			defaultConfigurationIsVisible = 0;
			defaultConfigurationName = Release;
		};
		7490F34B2EFFBBBA00FC8AF5 /* Build configuration list for PBXNativeTarget "ACL Reader New" */ = {
			isa = XCConfigurationList;
			buildConfigurations = (
				7490F34C2EFFBBBA00FC8AF5 /* Debug */,
				7490F34D2EFFBBBA00FC8AF5 /* Release */,
			);
			defaultConfigurationIsVisible = 0;
			defaultConfigurationName = Release;
		};
		7490F34E2EFFBBBA00FC8AF5 /* Build configuration list for PBXNativeTarget "ACL Reader NewTests" */ = {
			isa = XCConfigurationList;
			buildConfigurations = (
				7490F34F2EFFBBBA00FC8AF5 /* Debug */,
				7490F3502EFFBBBA00FC8AF5 /* Release */,
			);
			defaultConfigurationIsVisible = 0;
			defaultConfigurationName = Release;
		};
		7490F3512EFFBBBA00FC8AF5 /* Build configuration list for PBXNativeTarget "ACL Reader NewUITests" */ = {
			isa = XCConfigurationList;
			buildConfigurations = (
				7490F3522EFFBBBA00FC8AF5 /* Debug */,
				7490F3532EFFBBBA00FC8AF5 /* Release */,
			);
			defaultConfigurationIsVisible = 0;
			defaultConfigurationName = Release;
		};
/* End XCConfigurationList section */
	};
	rootObject = 7490F3212EFFBBB900FC8AF5 /* Project object */;
}
